// !$*UTF8*$!
{
	archiveVersion = 1;
	classes = {
	};
	objectVersion = 48;
	objects = {

/* Begin PBXBuildFile section */
		8FC753822022CC42003E9C84 /* AppDelegate.swift in Sources */ = {isa = PBXBuildFile; fileRef = 8FC753812022CC42003E9C84 /* AppDelegate.swift */; };
		8FC753842022CC42003E9C84 /* ViewController.swift in Sources */ = {isa = PBXBuildFile; fileRef = 8FC753832022CC42003E9C84 /* ViewController.swift */; };
		8FC753872022CC42003E9C84 /* Main.storyboard in Resources */ = {isa = PBXBuildFile; fileRef = 8FC753852022CC42003E9C84 /* Main.storyboard */; };
		8FC753892022CC42003E9C84 /* Assets.xcassets in Resources */ = {isa = PBXBuildFile; fileRef = 8FC753882022CC42003E9C84 /* Assets.xcassets */; };
		8FC7538C2022CC42003E9C84 /* LaunchScreen.storyboard in Resources */ = {isa = PBXBuildFile; fileRef = 8FC7538A2022CC42003E9C84 /* LaunchScreen.storyboard */; };
		8FC753972022CC42003E9C84 /* tumblrTests.swift in Sources */ = {isa = PBXBuildFile; fileRef = 8FC753962022CC42003E9C84 /* tumblrTests.swift */; };
		8FC753A22022CC43003E9C84 /* tumblrUITests.swift in Sources */ = {isa = PBXBuildFile; fileRef = 8FC753A12022CC42003E9C84 /* tumblrUITests.swift */; };
/* End PBXBuildFile section */

/* Begin PBXContainerItemProxy section */
		8FC753932022CC42003E9C84 /* PBXContainerItemProxy */ = {
			isa = PBXContainerItemProxy;
			containerPortal = 8FC753762022CC42003E9C84 /* Project object */;
			proxyType = 1;
			remoteGlobalIDString = 8FC7537D2022CC42003E9C84;
			remoteInfo = tumblr;
		};
		8FC7539E2022CC42003E9C84 /* PBXContainerItemProxy */ = {
			isa = PBXContainerItemProxy;
			containerPortal = 8FC753762022CC42003E9C84 /* Project object */;
			proxyType = 1;
			remoteGlobalIDString = 8FC7537D2022CC42003E9C84;
			remoteInfo = tumblr;
		};
/* End PBXContainerItemProxy section */

/* Begin PBXFileReference section */
		8FC7537E2022CC42003E9C84 /* tumblr.app */ = {isa = PBXFileReference; explicitFileType = wrapper.application; includeInIndex = 0; path = tumblr.app; sourceTree = BUILT_PRODUCTS_DIR; };
		8FC753812022CC42003E9C84 /* AppDelegate.swift */ = {isa = PBXFileReference; lastKnownFileType = sourcecode.swift; path = AppDelegate.swift; sourceTree = "<group>"; };
		8FC753832022CC42003E9C84 /* ViewController.swift */ = {isa = PBXFileReference; lastKnownFileType = sourcecode.swift; path = ViewController.swift; sourceTree = "<group>"; };
		8FC753862022CC42003E9C84 /* Base */ = {isa = PBXFileReference; lastKnownFileType = file.storyboard; name = Base; path = Base.lproj/Main.storyboard; sourceTree = "<group>"; };
		8FC753882022CC42003E9C84 /* Assets.xcassets */ = {isa = PBXFileReference; lastKnownFileType = folder.assetcatalog; path = Assets.xcassets; sourceTree = "<group>"; };
		8FC7538B2022CC42003E9C84 /* Base */ = {isa = PBXFileReference; lastKnownFileType = file.storyboard; name = Base; path = Base.lproj/LaunchScreen.storyboard; sourceTree = "<group>"; };
		8FC7538D2022CC42003E9C84 /* Info.plist */ = {isa = PBXFileReference; lastKnownFileType = text.plist.xml; path = Info.plist; sourceTree = "<group>"; };
		8FC753922022CC42003E9C84 /* tumblrTests.xctest */ = {isa = PBXFileReference; explicitFileType = wrapper.cfbundle; includeInIndex = 0; path = tumblrTests.xctest; sourceTree = BUILT_PRODUCTS_DIR; };
		8FC753962022CC42003E9C84 /* tumblrTests.swift */ = {isa = PBXFileReference; lastKnownFileType = sourcecode.swift; path = tumblrTests.swift; sourceTree = "<group>"; };
		8FC753982022CC42003E9C84 /* Info.plist */ = {isa = PBXFileReference; lastKnownFileType = text.plist.xml; path = Info.plist; sourceTree = "<group>"; };
		8FC7539D2022CC42003E9C84 /* tumblrUITests.xctest */ = {isa = PBXFileReference; explicitFileType = wrapper.cfbundle; includeInIndex = 0; path = tumblrUITests.xctest; sourceTree = BUILT_PRODUCTS_DIR; };
		8FC753A12022CC42003E9C84 /* tumblrUITests.swift */ = {isa = PBXFileReference; lastKnownFileType = sourcecode.swift; path = tumblrUITests.swift; sourceTree = "<group>"; };
		8FC753A32022CC43003E9C84 /* Info.plist */ = {isa = PBXFileReference; lastKnownFileType = text.plist.xml; path = Info.plist; sourceTree = "<group>"; };
/* End PBXFileReference section */

/* Begin PBXFrameworksBuildPhase section */
		8FC7537B2022CC42003E9C84 /* Frameworks */ = {
			isa = PBXFrameworksBuildPhase;
			buildActionMask = 2147483647;
			files = (
			);
			runOnlyForDeploymentPostprocessing = 0;
		};
		8FC7538F2022CC42003E9C84 /* Frameworks */ = {
			isa = PBXFrameworksBuildPhase;
			buildActionMask = 2147483647;
			files = (
			);
			runOnlyForDeploymentPostprocessing = 0;
		};
		8FC7539A2022CC42003E9C84 /* Frameworks */ = {
			isa = PBXFrameworksBuildPhase;
			buildActionMask = 2147483647;
			files = (
			);
			runOnlyForDeploymentPostprocessing = 0;
		};
/* End PBXFrameworksBuildPhase section */

/* Begin PBXGroup section */
		8FC753752022CC42003E9C84 = {
			isa = PBXGroup;
			children = (
				8FC753802022CC42003E9C84 /* tumblr */,
				8FC753952022CC42003E9C84 /* tumblrTests */,
				8FC753A02022CC42003E9C84 /* tumblrUITests */,
				8FC7537F2022CC42003E9C84 /* Products */,
			);
			sourceTree = "<group>";
		};
		8FC7537F2022CC42003E9C84 /* Products */ = {
			isa = PBXGroup;
			children = (
				8FC7537E2022CC42003E9C84 /* tumblr.app */,
				8FC753922022CC42003E9C84 /* tumblrTests.xctest */,
				8FC7539D2022CC42003E9C84 /* tumblrUITests.xctest */,
			);
			name = Products;
			sourceTree = "<group>";
		};
		8FC753802022CC42003E9C84 /* tumblr */ = {
			isa = PBXGroup;
			children = (
				8FC753812022CC42003E9C84 /* AppDelegate.swift */,
				8FC753832022CC42003E9C84 /* ViewController.swift */,
				8FC753852022CC42003E9C84 /* Main.storyboard */,
				8FC753882022CC42003E9C84 /* Assets.xcassets */,
				8FC7538A2022CC42003E9C84 /* LaunchScreen.storyboard */,
				8FC7538D2022CC42003E9C84 /* Info.plist */,
			);
			path = tumblr;
			sourceTree = "<group>";
		};
		8FC753952022CC42003E9C84 /* tumblrTests */ = {
			isa = PBXGroup;
			children = (
				8FC753962022CC42003E9C84 /* tumblrTests.swift */,
				8FC753982022CC42003E9C84 /* Info.plist */,
			);
			path = tumblrTests;
			sourceTree = "<group>";
		};
		8FC753A02022CC42003E9C84 /* tumblrUITests */ = {
			isa = PBXGroup;
			children = (
				8FC753A12022CC42003E9C84 /* tumblrUITests.swift */,
				8FC753A32022CC43003E9C84 /* Info.plist */,
			);
			path = tumblrUITests;
			sourceTree = "<group>";
		};
/* End PBXGroup section */

/* Begin PBXNativeTarget section */
		8FC7537D2022CC42003E9C84 /* tumblr */ = {
			isa = PBXNativeTarget;
			buildConfigurationList = 8FC753A62022CC43003E9C84 /* Build configuration list for PBXNativeTarget "tumblr" */;
			buildPhases = (
				8FC7537A2022CC42003E9C84 /* Sources */,
				8FC7537B2022CC42003E9C84 /* Frameworks */,
				8FC7537C2022CC42003E9C84 /* Resources */,
			);
			buildRules = (
			);
			dependencies = (
			);
			name = tumblr;
			productName = tumblr;
			productReference = 8FC7537E2022CC42003E9C84 /* tumblr.app */;
			productType = "com.apple.product-type.application";
		};
		8FC753912022CC42003E9C84 /* tumblrTests */ = {
			isa = PBXNativeTarget;
			buildConfigurationList = 8FC753A92022CC43003E9C84 /* Build configuration list for PBXNativeTarget "tumblrTests" */;
			buildPhases = (
				8FC7538E2022CC42003E9C84 /* Sources */,
				8FC7538F2022CC42003E9C84 /* Frameworks */,
				8FC753902022CC42003E9C84 /* Resources */,
			);
			buildRules = (
			);
			dependencies = (
				8FC753942022CC42003E9C84 /* PBXTargetDependency */,
			);
			name = tumblrTests;
			productName = tumblrTests;
			productReference = 8FC753922022CC42003E9C84 /* tumblrTests.xctest */;
			productType = "com.apple.product-type.bundle.unit-test";
		};
		8FC7539C2022CC42003E9C84 /* tumblrUITests */ = {
			isa = PBXNativeTarget;
			buildConfigurationList = 8FC753AC2022CC43003E9C84 /* Build configuration list for PBXNativeTarget "tumblrUITests" */;
			buildPhases = (
				8FC753992022CC42003E9C84 /* Sources */,
				8FC7539A2022CC42003E9C84 /* Frameworks */,
				8FC7539B2022CC42003E9C84 /* Resources */,
			);
			buildRules = (
			);
			dependencies = (
				8FC7539F2022CC42003E9C84 /* PBXTargetDependency */,
			);
			name = tumblrUITests;
			productName = tumblrUITests;
			productReference = 8FC7539D2022CC42003E9C84 /* tumblrUITests.xctest */;
			productType = "com.apple.product-type.bundle.ui-testing";
		};
/* End PBXNativeTarget section */

/* Begin PBXProject section */
		8FC753762022CC42003E9C84 /* Project object */ = {
			isa = PBXProject;
			attributes = {
				LastSwiftUpdateCheck = 0920;
				LastUpgradeCheck = 0920;
				ORGANIZATIONNAME = "Jiaqi He";
				TargetAttributes = {
					8FC7537D2022CC42003E9C84 = {
						CreatedOnToolsVersion = 9.2;
						ProvisioningStyle = Automatic;
					};
					8FC753912022CC42003E9C84 = {
						CreatedOnToolsVersion = 9.2;
						ProvisioningStyle = Automatic;
						TestTargetID = 8FC7537D2022CC42003E9C84;
					};
					8FC7539C2022CC42003E9C84 = {
						CreatedOnToolsVersion = 9.2;
						ProvisioningStyle = Automatic;
						TestTargetID = 8FC7537D2022CC42003E9C84;
					};
				};
			};
			buildConfigurationList = 8FC753792022CC42003E9C84 /* Build configuration list for PBXProject "tumblr" */;
			compatibilityVersion = "Xcode 8.0";
			developmentRegion = en;
			hasScannedForEncodings = 0;
			knownRegions = (
				en,
				Base,
			);
			mainGroup = 8FC753752022CC42003E9C84;
			productRefGroup = 8FC7537F2022CC42003E9C84 /* Products */;
			projectDirPath = "";
			projectRoot = "";
			targets = (
				8FC7537D2022CC42003E9C84 /* tumblr */,
				8FC753912022CC42003E9C84 /* tumblrTests */,
				8FC7539C2022CC42003E9C84 /* tumblrUITests */,
			);
		};
/* End PBXProject section */

/* Begin PBXResourcesBuildPhase section */
		8FC7537C2022CC42003E9C84 /* Resources */ = {
			isa = PBXResourcesBuildPhase;
			buildActionMask = 2147483647;
			files = (
				8FC7538C2022CC42003E9C84 /* LaunchScreen.storyboard in Resources */,
				8FC753892022CC42003E9C84 /* Assets.xcassets in Resources */,
				8FC753872022CC42003E9C84 /* Main.storyboard in Resources */,
			);
			runOnlyForDeploymentPostprocessing = 0;
		};
		8FC753902022CC42003E9C84 /* Resources */ = {
			isa = PBXResourcesBuildPhase;
			buildActionMask = 2147483647;
			files = (
			);
			runOnlyForDeploymentPostprocessing = 0;
		};
		8FC7539B2022CC42003E9C84 /* Resources */ = {
			isa = PBXResourcesBuildPhase;
			buildActionMask = 2147483647;
			files = (
			);
			runOnlyForDeploymentPostprocessing = 0;
		};
/* End PBXResourcesBuildPhase section */

/* Begin PBXSourcesBuildPhase section */
		8FC7537A2022CC42003E9C84 /* Sources */ = {
			isa = PBXSourcesBuildPhase;
			buildActionMask = 2147483647;
			files = (
				8FC753842022CC42003E9C84 /* ViewController.swift in Sources */,
				8FC753822022CC42003E9C84 /* AppDelegate.swift in Sources */,
			);
			runOnlyForDeploymentPostprocessing = 0;
		};
		8FC7538E2022CC42003E9C84 /* Sources */ = {
			isa = PBXSourcesBuildPhase;
			buildActionMask = 2147483647;
			files = (
				8FC753972022CC42003E9C84 /* tumblrTests.swift in Sources */,
			);
			runOnlyForDeploymentPostprocessing = 0;
		};
		8FC753992022CC42003E9C84 /* Sources */ = {
			isa = PBXSourcesBuildPhase;
			buildActionMask = 2147483647;
			files = (
				8FC753A22022CC43003E9C84 /* tumblrUITests.swift in Sources */,
			);
			runOnlyForDeploymentPostprocessing = 0;
		};
/* End PBXSourcesBuildPhase section */

/* Begin PBXTargetDependency section */
		8FC753942022CC42003E9C84 /* PBXTargetDependency */ = {
			isa = PBXTargetDependency;
			target = 8FC7537D2022CC42003E9C84 /* tumblr */;
			targetProxy = 8FC753932022CC42003E9C84 /* PBXContainerItemProxy */;
		};
		8FC7539F2022CC42003E9C84 /* PBXTargetDependency */ = {
			isa = PBXTargetDependency;
			target = 8FC7537D2022CC42003E9C84 /* tumblr */;
			targetProxy = 8FC7539E2022CC42003E9C84 /* PBXContainerItemProxy */;
		};
/* End PBXTargetDependency section */

/* Begin PBXVariantGroup section */
		8FC753852022CC42003E9C84 /* Main.storyboard */ = {
			isa = PBXVariantGroup;
			children = (
				8FC753862022CC42003E9C84 /* Base */,
			);
			name = Main.storyboard;
			sourceTree = "<group>";
		};
		8FC7538A2022CC42003E9C84 /* LaunchScreen.storyboard */ = {
			isa = PBXVariantGroup;
			children = (
				8FC7538B2022CC42003E9C84 /* Base */,
			);
			name = LaunchScreen.storyboard;
			sourceTree = "<group>";
		};
/* End PBXVariantGroup section */

/* Begin XCBuildConfiguration section */
		8FC753A42022CC43003E9C84 /* Debug */ = {
			isa = XCBuildConfiguration;
			buildSettings = {
				ALWAYS_SEARCH_USER_PATHS = NO;
				CLANG_ANALYZER_NONNULL = YES;
				CLANG_ANALYZER_NUMBER_OBJECT_CONVERSION = YES_AGGRESSIVE;
				CLANG_CXX_LANGUAGE_STANDARD = "gnu++14";
				CLANG_CXX_LIBRARY = "libc++";
				CLANG_ENABLE_MODULES = YES;
				CLANG_ENABLE_OBJC_ARC = YES;
				CLANG_WARN_BLOCK_CAPTURE_AUTORELEASING = YES;
				CLANG_WARN_BOOL_CONVERSION = YES;
				CLANG_WARN_COMMA = YES;
				CLANG_WARN_CONSTANT_CONVERSION = YES;
				CLANG_WARN_DIRECT_OBJC_ISA_USAGE = YES_ERROR;
				CLANG_WARN_DOCUMENTATION_COMMENTS = YES;
				CLANG_WARN_EMPTY_BODY = YES;
				CLANG_WARN_ENUM_CONVERSION = YES;
				CLANG_WARN_INFINITE_RECURSION = YES;
				CLANG_WARN_INT_CONVERSION = YES;
				CLANG_WARN_NON_LITERAL_NULL_CONVERSION = YES;
				CLANG_WARN_OBJC_LITERAL_CONVERSION = YES;
				CLANG_WARN_OBJC_ROOT_CLASS = YES_ERROR;
				CLANG_WARN_RANGE_LOOP_ANALYSIS = YES;
				CLANG_WARN_STRICT_PROTOTYPES = YES;
				CLANG_WARN_SUSPICIOUS_MOVE = YES;
				CLANG_WARN_UNGUARDED_AVAILABILITY = YES_AGGRESSIVE;
				CLANG_WARN_UNREACHABLE_CODE = YES;
				CLANG_WARN__DUPLICATE_METHOD_MATCH = YES;
				CODE_SIGN_IDENTITY = "iPhone Developer";
				COPY_PHASE_STRIP = NO;
				DEBUG_INFORMATION_FORMAT = dwarf;
				ENABLE_STRICT_OBJC_MSGSEND = YES;
				ENABLE_TESTABILITY = YES;
				GCC_C_LANGUAGE_STANDARD = gnu11;
				GCC_DYNAMIC_NO_PIC = NO;
				GCC_NO_COMMON_BLOCKS = YES;
				GCC_OPTIMIZATION_LEVEL = 0;
				GCC_PREPROCESSOR_DEFINITIONS = (
					"DEBUG=1",
					"$(inherited)",
				);
				GCC_WARN_64_TO_32_BIT_CONVERSION = YES;
				GCC_WARN_ABOUT_RETURN_TYPE = YES_ERROR;
				GCC_WARN_UNDECLARED_SELECTOR = YES;
				GCC_WARN_UNINITIALIZED_AUTOS = YES_AGGRESSIVE;
				GCC_WARN_UNUSED_FUNCTION = YES;
				GCC_WARN_UNUSED_VARIABLE = YES;
				IPHONEOS_DEPLOYMENT_TARGET = 11.2;
				MTL_ENABLE_DEBUG_INFO = YES;
				ONLY_ACTIVE_ARCH = YES;
				SDKROOT = iphoneos;
				SWIFT_ACTIVE_COMPILATION_CONDITIONS = DEBUG;
				SWIFT_OPTIMIZATION_LEVEL = "-Onone";
			};
			name = Debug;
		};
		8FC753A52022CC43003E9C84 /* Release */ = {
			isa = XCBuildConfiguration;
			buildSettings = {
				ALWAYS_SEARCH_USER_PATHS = NO;
				CLANG_ANALYZER_NONNULL = YES;
				CLANG_ANALYZER_NUMBER_OBJECT_CONVERSION = YES_AGGRESSIVE;
				CLANG_CXX_LANGUAGE_STANDARD = "gnu++14";
				CLANG_CXX_LIBRARY = "libc++";
				CLANG_ENABLE_MODULES = YES;
				CLANG_ENABLE_OBJC_ARC = YES;
				CLANG_WARN_BLOCK_CAPTURE_AUTORELEASING = YES;
				CLANG_WARN_BOOL_CONVERSION = YES;
				CLANG_WARN_COMMA = YES;
				CLANG_WARN_CONSTANT_CONVERSION = YES;
				CLANG_WARN_DIRECT_OBJC_ISA_USAGE = YES_ERROR;
				CLANG_WARN_DOCUMENTATION_COMMENTS = YES;
				CLANG_WARN_EMPTY_BODY = YES;
				CLANG_WARN_ENUM_CONVERSION = YES;
				CLANG_WARN_INFINITE_RECURSION = YES;
				CLANG_WARN_INT_CONVERSION = YES;
				CLANG_WARN_NON_LITERAL_NULL_CONVERSION = YES;
				CLANG_WARN_OBJC_LITERAL_CONVERSION = YES;
				CLANG_WARN_OBJC_ROOT_CLASS = YES_ERROR;
				CLANG_WARN_RANGE_LOOP_ANALYSIS = YES;
				CLANG_WARN_STRICT_PROTOTYPES = YES;
				CLANG_WARN_SUSPICIOUS_MOVE = YES;
				CLANG_WARN_UNGUARDED_AVAILABILITY = YES_AGGRESSIVE;
				CLANG_WARN_UNREACHABLE_CODE = YES;
				CLANG_WARN__DUPLICATE_METHOD_MATCH = YES;
				CODE_SIGN_IDENTITY = "iPhone Developer";
				COPY_PHASE_STRIP = NO;
				DEBUG_INFORMATION_FORMAT = "dwarf-with-dsym";
				ENABLE_NS_ASSERTIONS = NO;
				ENABLE_STRICT_OBJC_MSGSEND = YES;
				GCC_C_LANGUAGE_STANDARD = gnu11;
				GCC_NO_COMMON_BLOCKS = YES;
				GCC_WARN_64_TO_32_BIT_CONVERSION = YES;
				GCC_WARN_ABOUT_RETURN_TYPE = YES_ERROR;
				GCC_WARN_UNDECLARED_SELECTOR = YES;
				GCC_WARN_UNINITIALIZED_AUTOS = YES_AGGRESSIVE;
				GCC_WARN_UNUSED_FUNCTION = YES;
				GCC_WARN_UNUSED_VARIABLE = YES;
				IPHONEOS_DEPLOYMENT_TARGET = 11.2;
				MTL_ENABLE_DEBUG_INFO = NO;
				SDKROOT = iphoneos;
				SWIFT_OPTIMIZATION_LEVEL = "-Owholemodule";
				VALIDATE_PRODUCT = YES;
			};
			name = Release;
		};
		8FC753A72022CC43003E9C84 /* Debug */ = {
			isa = XCBuildConfiguration;
			buildSettings = {
				ASSETCATALOG_COMPILER_APPICON_NAME = AppIcon;
				CODE_SIGN_STYLE = Automatic;
				INFOPLIST_FILE = tumblr/Info.plist;
				LD_RUNPATH_SEARCH_PATHS = "$(inherited) @executable_path/Frameworks";
				PRODUCT_BUNDLE_IDENTIFIER = jiaqihe.tumblr;
				PRODUCT_NAME = "$(TARGET_NAME)";
				SWIFT_VERSION = 4.0;
				TARGETED_DEVICE_FAMILY = "1,2";
			};
			name = Debug;
		};
		8FC753A82022CC43003E9C84 /* Release */ = {
			isa = XCBuildConfiguration;
			buildSettings = {
				ASSETCATALOG_COMPILER_APPICON_NAME = AppIcon;
				CODE_SIGN_STYLE = Automatic;
				INFOPLIST_FILE = tumblr/Info.plist;
				LD_RUNPATH_SEARCH_PATHS = "$(inherited) @executable_path/Frameworks";
				PRODUCT_BUNDLE_IDENTIFIER = jiaqihe.tumblr;
				PRODUCT_NAME = "$(TARGET_NAME)";
				SWIFT_VERSION = 4.0;
				TARGETED_DEVICE_FAMILY = "1,2";
			};
			name = Release;
		};
		8FC753AA2022CC43003E9C84 /* Debug */ = {
			isa = XCBuildConfiguration;
			buildSettings = {
				ALWAYS_EMBED_SWIFT_STANDARD_LIBRARIES = YES;
				BUNDLE_LOADER = "$(TEST_HOST)";
				CODE_SIGN_STYLE = Automatic;
				INFOPLIST_FILE = tumblrTests/Info.plist;
				LD_RUNPATH_SEARCH_PATHS = "$(inherited) @executable_path/Frameworks @loader_path/Frameworks";
				PRODUCT_BUNDLE_IDENTIFIER = jiaqihe.tumblrTests;
				PRODUCT_NAME = "$(TARGET_NAME)";
				SWIFT_VERSION = 4.0;
				TARGETED_DEVICE_FAMILY = "1,2";
				TEST_HOST = "$(BUILT_PRODUCTS_DIR)/tumblr.app/tumblr";
			};
			name = Debug;
		};
		8FC753AB2022CC43003E9C84 /* Release */ = {
			isa = XCBuildConfiguration;
			buildSettings = {
				ALWAYS_EMBED_SWIFT_STANDARD_LIBRARIES = YES;
				BUNDLE_LOADER = "$(TEST_HOST)";
				CODE_SIGN_STYLE = Automatic;
				INFOPLIST_FILE = tumblrTests/Info.plist;
				LD_RUNPATH_SEARCH_PATHS = "$(inherited) @executable_path/Frameworks @loader_path/Frameworks";
				PRODUCT_BUNDLE_IDENTIFIER = jiaqihe.tumblrTests;
				PRODUCT_NAME = "$(TARGET_NAME)";
				SWIFT_VERSION = 4.0;
				TARGETED_DEVICE_FAMILY = "1,2";
				TEST_HOST = "$(BUILT_PRODUCTS_DIR)/tumblr.app/tumblr";
			};
			name = Release;
		};
		8FC753AD2022CC43003E9C84 /* Debug */ = {
			isa = XCBuildConfiguration;
			buildSettings = {
				ALWAYS_EMBED_SWIFT_STANDARD_LIBRARIES = YES;
				CODE_SIGN_STYLE = Automatic;
				INFOPLIST_FILE = tumblrUITests/Info.plist;
				LD_RUNPATH_SEARCH_PATHS = "$(inherited) @executable_path/Frameworks @loader_path/Frameworks";
				PRODUCT_BUNDLE_IDENTIFIER = jiaqihe.tumblrUITests;
				PRODUCT_NAME = "$(TARGET_NAME)";
				SWIFT_VERSION = 4.0;
				TARGETED_DEVICE_FAMILY = "1,2";
				TEST_TARGET_NAME = tumblr;
			};
			name = Debug;
		};
		8FC753AE2022CC43003E9C84 /* Release */ = {
			isa = XCBuildConfiguration;
			buildSettings = {
				ALWAYS_EMBED_SWIFT_STANDARD_LIBRARIES = YES;
				CODE_SIGN_STYLE = Automatic;
				INFOPLIST_FILE = tumblrUITests/Info.plist;
				LD_RUNPATH_SEARCH_PATHS = "$(inherited) @executable_path/Frameworks @loader_path/Frameworks";
				PRODUCT_BUNDLE_IDENTIFIER = jiaqihe.tumblrUITests;
				PRODUCT_NAME = "$(TARGET_NAME)";
				SWIFT_VERSION = 4.0;
				TARGETED_DEVICE_FAMILY = "1,2";
				TEST_TARGET_NAME = tumblr;
			};
			name = Release;
		};
/* End XCBuildConfiguration section */

/* Begin XCConfigurationList section */
		8FC753792022CC42003E9C84 /* Build configuration list for PBXProject "tumblr" */ = {
			isa = XCConfigurationList;
			buildConfigurations = (
				8FC753A42022CC43003E9C84 /* Debug */,
				8FC753A52022CC43003E9C84 /* Release */,
			);
			defaultConfigurationIsVisible = 0;
			defaultConfigurationName = Release;
		};
		8FC753A62022CC43003E9C84 /* Build configuration list for PBXNativeTarget "tumblr" */ = {
			isa = XCConfigurationList;
			buildConfigurations = (
				8FC753A72022CC43003E9C84 /* Debug */,
				8FC753A82022CC43003E9C84 /* Release */,
			);
			defaultConfigurationIsVisible = 0;
			defaultConfigurationName = Release;
		};
		8FC753A92022CC43003E9C84 /* Build configuration list for PBXNativeTarget "tumblrTests" */ = {
			isa = XCConfigurationList;
			buildConfigurations = (
				8FC753AA2022CC43003E9C84 /* Debug */,
				8FC753AB2022CC43003E9C84 /* Release */,
			);
			defaultConfigurationIsVisible = 0;
			defaultConfigurationName = Release;
		};
		8FC753AC2022CC43003E9C84 /* Build configuration list for PBXNativeTarget "tumblrUITests" */ = {
			isa = XCConfigurationList;
			buildConfigurations = (
				8FC753AD2022CC43003E9C84 /* Debug */,
				8FC753AE2022CC43003E9C84 /* Release */,
			);
			defaultConfigurationIsVisible = 0;
			defaultConfigurationName = Release;
		};
/* End XCConfigurationList section */
	};
	rootObject = 8FC753762022CC42003E9C84 /* Project object */;
}
